github.com/humanbeeng/distributed-cache v0.0.2-alpha h1:Gi4GlHOM4gS0R6TWWlr1XUYMoz8cXvOOnbAsorhyr4o=
github.com/humanbeeng/distributed-cache v0.0.2-alpha/go.mod h1:Z+n8VmXjbI8cBwJnDKZ77Glbx5J9kMFtR8xE0ehfa2Q=
github.com/humanbeeng/distributed-cache v0.0.4-alpha h1:9cL/W/6++IEOA7eCGLEz7Z31UH4kr4MlrrpVMXJsfzI=
github.com/humanbeeng/distributed-cache v0.0.4-alpha/go.mod h1:Z+n8VmXjbI8cBwJnDKZ77Glbx5J9kMFtR8xE0ehfa2Q=
